
Microsoft Visual Studio Solution File, Format Version 12.00
# Visual Studio 15
VisualStudioVersion = 15.0.28307.421
MinimumVisualStudioVersion = 10.0.40219.1
Project("{FAE04EC0-301F-11D3-BF4B-00C04F79EFBC}") = "One.UI", "One.UI\One.UI.csproj", "{E1D13245-A04C-4B9E-AB69-D5B2294BC28A}"
EndProject
Global
	GlobalSection(SolutionConfigurationPlatforms) = preSolution
		Debug|Any CPU = Debug|Any CPU
		Release|Any CPU = Release|Any CPU
	EndGlobalSection
	GlobalSection(ProjectConfigurationPlatforms) = postSolution
		{E1D13245-A04C-4B9E-AB69-D5B2294BC28A}.Debug|Any CPU.ActiveCfg = Debug|Any CPU
		{E1D13245-A04C-4B9E-AB69-D5B2294BC28A}.Debug|Any CPU.Build.0 = Debug|Any CPU
		{E1D13245-A04C-4B9E-AB69-D5B2294BC28A}.Release|Any CPU.ActiveCfg = Release|Any CPU
		{E1D13245-A04C-4B9E-AB69-D5B2294BC28A}.Release|Any CPU.Build.0 = Release|Any CPU
	EndGlobalSection
	GlobalSection(SolutionProperties) = preSolution
		HideSolutionNode = FALSE
	EndGlobalSection
	GlobalSection(ExtensibilityGlobals) = postSolution
		SolutionGuid = {EC616936-10C3-494B-B37D-CA9B60B7C0E9}
	EndGlobalSection
EndGlobal
